// !$*UTF8*$!
{
	archiveVersion = 1;
	classes = {
	};
	objectVersion = 50;
	objects = {

/* Begin PBXBuildFile section */
		182A47AE256FBC100031E052 /* AppDelegate.swift in Sources */ = {isa = PBXBuildFile; fileRef = 182A47AD256FBC100031E052 /* AppDelegate.swift */; };
		182A47B0256FBC100031E052 /* SceneDelegate.swift in Sources */ = {isa = PBXBuildFile; fileRef = 182A47AF256FBC100031E052 /* SceneDelegate.swift */; };
		182A47B2256FBC100031E052 /* ViewController.swift in Sources */ = {isa = PBXBuildFile; fileRef = 182A47B1256FBC100031E052 /* ViewController.swift */; };
		182A47B5256FBC100031E052 /* Main.storyboard in Resources */ = {isa = PBXBuildFile; fileRef = 182A47B3256FBC100031E052 /* Main.storyboard */; };
		182A47B8256FBC100031E052 /* RandomUser2.xcdatamodeld in Sources */ = {isa = PBXBuildFile; fileRef = 182A47B6256FBC100031E052 /* RandomUser2.xcdatamodeld */; };
		182A47BA256FBC130031E052 /* Assets.xcassets in Resources */ = {isa = PBXBuildFile; fileRef = 182A47B9256FBC130031E052 /* Assets.xcassets */; };
		182A47BD256FBC130031E052 /* LaunchScreen.storyboard in Resources */ = {isa = PBXBuildFile; fileRef = 182A47BB256FBC130031E052 /* LaunchScreen.storyboard */; };
		182A47C7256FBC9B0031E052 /* MyTableViewCell.swift in Sources */ = {isa = PBXBuildFile; fileRef = 182A47C5256FBC9B0031E052 /* MyTableViewCell.swift */; };
		182A47C8256FBC9B0031E052 /* MyTableViewCell.xib in Resources */ = {isa = PBXBuildFile; fileRef = 182A47C6256FBC9B0031E052 /* MyTableViewCell.xib */; };
		182A47CB256FC2680031E052 /* UserModel.swift in Sources */ = {isa = PBXBuildFile; fileRef = 182A47CA256FC2670031E052 /* UserModel.swift */; };
		182A47CE256FC2750031E052 /* UserService.swift in Sources */ = {isa = PBXBuildFile; fileRef = 182A47CD256FC2750031E052 /* UserService.swift */; };
		82141741FBD7B438BB29A81F /* Pods_RandomUser2.framework in Frameworks */ = {isa = PBXBuildFile; fileRef = 7213AFCB3C33244DC0B2DC50 /* Pods_RandomUser2.framework */; };
/* End PBXBuildFile section */

/* Begin PBXFileReference section */
		182A47AA256FBC100031E052 /* RandomUser2.app */ = {isa = PBXFileReference; explicitFileType = wrapper.application; includeInIndex = 0; path = RandomUser2.app; sourceTree = BUILT_PRODUCTS_DIR; };
		182A47AD256FBC100031E052 /* AppDelegate.swift */ = {isa = PBXFileReference; lastKnownFileType = sourcecode.swift; path = AppDelegate.swift; sourceTree = "<group>"; };
		182A47AF256FBC100031E052 /* SceneDelegate.swift */ = {isa = PBXFileReference; lastKnownFileType = sourcecode.swift; path = SceneDelegate.swift; sourceTree = "<group>"; };
		182A47B1256FBC100031E052 /* ViewController.swift */ = {isa = PBXFileReference; lastKnownFileType = sourcecode.swift; path = ViewController.swift; sourceTree = "<group>"; };
		182A47B4256FBC100031E052 /* Base */ = {isa = PBXFileReference; lastKnownFileType = file.storyboard; name = Base; path = Base.lproj/Main.storyboard; sourceTree = "<group>"; };
		182A47B7256FBC100031E052 /* RandomUser2.xcdatamodel */ = {isa = PBXFileReference; lastKnownFileType = wrapper.xcdatamodel; path = RandomUser2.xcdatamodel; sourceTree = "<group>"; };
		182A47B9256FBC130031E052 /* Assets.xcassets */ = {isa = PBXFileReference; lastKnownFileType = folder.assetcatalog; path = Assets.xcassets; sourceTree = "<group>"; };
		182A47BC256FBC130031E052 /* Base */ = {isa = PBXFileReference; lastKnownFileType = file.storyboard; name = Base; path = Base.lproj/LaunchScreen.storyboard; sourceTree = "<group>"; };
		182A47BE256FBC130031E052 /* Info.plist */ = {isa = PBXFileReference; lastKnownFileType = text.plist.xml; path = Info.plist; sourceTree = "<group>"; };
		182A47C5256FBC9B0031E052 /* MyTableViewCell.swift */ = {isa = PBXFileReference; lastKnownFileType = sourcecode.swift; path = MyTableViewCell.swift; sourceTree = "<group>"; };
		182A47C6256FBC9B0031E052 /* MyTableViewCell.xib */ = {isa = PBXFileReference; lastKnownFileType = file.xib; path = MyTableViewCell.xib; sourceTree = "<group>"; };
		182A47CA256FC2670031E052 /* UserModel.swift */ = {isa = PBXFileReference; lastKnownFileType = sourcecode.swift; path = UserModel.swift; sourceTree = "<group>"; };
		182A47CD256FC2750031E052 /* UserService.swift */ = {isa = PBXFileReference; lastKnownFileType = sourcecode.swift; path = UserService.swift; sourceTree = "<group>"; };
		2AAA77C77A02B0FE5E4FFEA4 /* Pods-RandomUser2.debug.xcconfig */ = {isa = PBXFileReference; includeInIndex = 1; lastKnownFileType = text.xcconfig; name = "Pods-RandomUser2.debug.xcconfig"; path = "Target Support Files/Pods-RandomUser2/Pods-RandomUser2.debug.xcconfig"; sourceTree = "<group>"; };
		60AB27CD6D35D9E01BE33798 /* Pods-RandomUser2.release.xcconfig */ = {isa = PBXFileReference; includeInIndex = 1; lastKnownFileType = text.xcconfig; name = "Pods-RandomUser2.release.xcconfig"; path = "Target Support Files/Pods-RandomUser2/Pods-RandomUser2.release.xcconfig"; sourceTree = "<group>"; };
		7213AFCB3C33244DC0B2DC50 /* Pods_RandomUser2.framework */ = {isa = PBXFileReference; explicitFileType = wrapper.framework; includeInIndex = 0; path = Pods_RandomUser2.framework; sourceTree = BUILT_PRODUCTS_DIR; };
/* End PBXFileReference section */

/* Begin PBXFrameworksBuildPhase section */
		182A47A7256FBC100031E052 /* Frameworks */ = {
			isa = PBXFrameworksBuildPhase;
			buildActionMask = 2147483647;
			files = (
				82141741FBD7B438BB29A81F /* Pods_RandomUser2.framework in Frameworks */,
			);
			runOnlyForDeploymentPostprocessing = 0;
		};
/* End PBXFrameworksBuildPhase section */

/* Begin PBXGroup section */
		182A47A1256FBC100031E052 = {
			isa = PBXGroup;
			children = (
				182A47AC256FBC100031E052 /* RandomUser2 */,
				182A47AB256FBC100031E052 /* Products */,
				FE3A2D13F90308E1B7B561FE /* Pods */,
				58F705A19B3889A9A3167F51 /* Frameworks */,
			);
			sourceTree = "<group>";
		};
		182A47AB256FBC100031E052 /* Products */ = {
			isa = PBXGroup;
			children = (
				182A47AA256FBC100031E052 /* RandomUser2.app */,
			);
			name = Products;
			sourceTree = "<group>";
		};
		182A47AC256FBC100031E052 /* RandomUser2 */ = {
			isa = PBXGroup;
			children = (
				182A47AD256FBC100031E052 /* AppDelegate.swift */,
				182A47C5256FBC9B0031E052 /* MyTableViewCell.swift */,
				182A47C6256FBC9B0031E052 /* MyTableViewCell.xib */,
				182A47AF256FBC100031E052 /* SceneDelegate.swift */,
				182A47B1256FBC100031E052 /* ViewController.swift */,
				182A47B3256FBC100031E052 /* Main.storyboard */,
				182A47B9256FBC130031E052 /* Assets.xcassets */,
				182A47BB256FBC130031E052 /* LaunchScreen.storyboard */,
				182A47BE256FBC130031E052 /* Info.plist */,
				182A47B6256FBC100031E052 /* RandomUser2.xcdatamodeld */,
				182A47CA256FC2670031E052 /* UserModel.swift */,
				182A47CD256FC2750031E052 /* UserService.swift */,
			);
			path = RandomUser2;
			sourceTree = "<group>";
		};
		58F705A19B3889A9A3167F51 /* Frameworks */ = {
			isa = PBXGroup;
			children = (
				7213AFCB3C33244DC0B2DC50 /* Pods_RandomUser2.framework */,
			);
			name = Frameworks;
			sourceTree = "<group>";
		};
		FE3A2D13F90308E1B7B561FE /* Pods */ = {
			isa = PBXGroup;
			children = (
				2AAA77C77A02B0FE5E4FFEA4 /* Pods-RandomUser2.debug.xcconfig */,
				60AB27CD6D35D9E01BE33798 /* Pods-RandomUser2.release.xcconfig */,
			);
			name = Pods;
			path = Pods;
			sourceTree = "<group>";
		};
/* End PBXGroup section */

/* Begin PBXNativeTarget section */
		182A47A9256FBC100031E052 /* RandomUser2 */ = {
			isa = PBXNativeTarget;
			buildConfigurationList = 182A47C1256FBC130031E052 /* Build configuration list for PBXNativeTarget "RandomUser2" */;
			buildPhases = (
				88274E9496B57A55BBFEE9C5 /* [CP] Check Pods Manifest.lock */,
				182A47A6256FBC100031E052 /* Sources */,
				182A47A7256FBC100031E052 /* Frameworks */,
				182A47A8256FBC100031E052 /* Resources */,
				A4FE1C4B1C06F6F8E68EC7DB /* [CP] Embed Pods Frameworks */,
			);
			buildRules = (
			);
			dependencies = (
			);
			name = RandomUser2;
			productName = RandomUser2;
			productReference = 182A47AA256FBC100031E052 /* RandomUser2.app */;
			productType = "com.apple.product-type.application";
		};
/* End PBXNativeTarget section */

/* Begin PBXProject section */
		182A47A2256FBC100031E052 /* Project object */ = {
			isa = PBXProject;
			attributes = {
				LastSwiftUpdateCheck = 1220;
				LastUpgradeCheck = 1220;
				TargetAttributes = {
					182A47A9256FBC100031E052 = {
						CreatedOnToolsVersion = 12.2;
					};
				};
			};
			buildConfigurationList = 182A47A5256FBC100031E052 /* Build configuration list for PBXProject "RandomUser2" */;
			compatibilityVersion = "Xcode 9.3";
			developmentRegion = en;
			hasScannedForEncodings = 0;
			knownRegions = (
				en,
				Base,
			);
			mainGroup = 182A47A1256FBC100031E052;
			productRefGroup = 182A47AB256FBC100031E052 /* Products */;
			projectDirPath = "";
			projectRoot = "";
			targets = (
				182A47A9256FBC100031E052 /* RandomUser2 */,
			);
		};
/* End PBXProject section */

/* Begin PBXResourcesBuildPhase section */
		182A47A8256FBC100031E052 /* Resources */ = {
			isa = PBXResourcesBuildPhase;
			buildActionMask = 2147483647;
			files = (
				182A47BD256FBC130031E052 /* LaunchScreen.storyboard in Resources */,
				182A47C8256FBC9B0031E052 /* MyTableViewCell.xib in Resources */,
				182A47BA256FBC130031E052 /* Assets.xcassets in Resources */,
				182A47B5256FBC100031E052 /* Main.storyboard in Resources */,
			);
			runOnlyForDeploymentPostprocessing = 0;
		};
/* End PBXResourcesBuildPhase section */

/* Begin PBXShellScriptBuildPhase section */
		88274E9496B57A55BBFEE9C5 /* [CP] Check Pods Manifest.lock */ = {
			isa = PBXShellScriptBuildPhase;
			buildActionMask = 2147483647;
			files = (
			);
			inputFileListPaths = (
			);
			inputPaths = (
				"${PODS_PODFILE_DIR_PATH}/Podfile.lock",
				"${PODS_ROOT}/Manifest.lock",
			);
			name = "[CP] Check Pods Manifest.lock";
			outputFileListPaths = (
			);
			outputPaths = (
				"$(DERIVED_FILE_DIR)/Pods-RandomUser2-checkManifestLockResult.txt",
			);
			runOnlyForDeploymentPostprocessing = 0;
			shellPath = /bin/sh;
			shellScript = "diff \"${PODS_PODFILE_DIR_PATH}/Podfile.lock\" \"${PODS_ROOT}/Manifest.lock\" > /dev/null\nif [ $? != 0 ] ; then\n    # print error to STDERR\n    echo \"error: The sandbox is not in sync with the Podfile.lock. Run 'pod install' or update your CocoaPods installation.\" >&2\n    exit 1\nfi\n# This output is used by Xcode 'outputs' to avoid re-running this script phase.\necho \"SUCCESS\" > \"${SCRIPT_OUTPUT_FILE_0}\"\n";
			showEnvVarsInLog = 0;
		};
		A4FE1C4B1C06F6F8E68EC7DB /* [CP] Embed Pods Frameworks */ = {
			isa = PBXShellScriptBuildPhase;
			buildActionMask = 2147483647;
			files = (
			);
			inputFileListPaths = (
				"${PODS_ROOT}/Target Support Files/Pods-RandomUser2/Pods-RandomUser2-frameworks-${CONFIGURATION}-input-files.xcfilelist",
			);
			name = "[CP] Embed Pods Frameworks";
			outputFileListPaths = (
				"${PODS_ROOT}/Target Support Files/Pods-RandomUser2/Pods-RandomUser2-frameworks-${CONFIGURATION}-output-files.xcfilelist",
			);
			runOnlyForDeploymentPostprocessing = 0;
			shellPath = /bin/sh;
			shellScript = "\"${PODS_ROOT}/Target Support Files/Pods-RandomUser2/Pods-RandomUser2-frameworks.sh\"\n";
			showEnvVarsInLog = 0;
		};
/* End PBXShellScriptBuildPhase section */

/* Begin PBXSourcesBuildPhase section */
		182A47A6256FBC100031E052 /* Sources */ = {
			isa = PBXSourcesBuildPhase;
			buildActionMask = 2147483647;
			files = (
				182A47CE256FC2750031E052 /* UserService.swift in Sources */,
				182A47B2256FBC100031E052 /* ViewController.swift in Sources */,
				182A47AE256FBC100031E052 /* AppDelegate.swift in Sources */,
				182A47B8256FBC100031E052 /* RandomUser2.xcdatamodeld in Sources */,
				182A47C7256FBC9B0031E052 /* MyTableViewCell.swift in Sources */,
				182A47CB256FC2680031E052 /* UserModel.swift in Sources */,
				182A47B0256FBC100031E052 /* SceneDelegate.swift in Sources */,
			);
			runOnlyForDeploymentPostprocessing = 0;
		};
/* End PBXSourcesBuildPhase section */

/* Begin PBXVariantGroup section */
		182A47B3256FBC100031E052 /* Main.storyboard */ = {
			isa = PBXVariantGroup;
			children = (
				182A47B4256FBC100031E052 /* Base */,
			);
			name = Main.storyboard;
			sourceTree = "<group>";
		};
		182A47BB256FBC130031E052 /* LaunchScreen.storyboard */ = {
			isa = PBXVariantGroup;
			children = (
				182A47BC256FBC130031E052 /* Base */,
			);
			name = LaunchScreen.storyboard;
			sourceTree = "<group>";
		};
/* End PBXVariantGroup section */

/* Begin XCBuildConfiguration section */
		182A47BF256FBC130031E052 /* Debug */ = {
			isa = XCBuildConfiguration;
			buildSettings = {
				ALWAYS_SEARCH_USER_PATHS = NO;
				CLANG_ANALYZER_NONNULL = YES;
				CLANG_ANALYZER_NUMBER_OBJECT_CONVERSION = YES_AGGRESSIVE;
				CLANG_CXX_LANGUAGE_STANDARD = "gnu++14";
				CLANG_CXX_LIBRARY = "libc++";
				CLANG_ENABLE_MODULES = YES;
				CLANG_ENABLE_OBJC_ARC = YES;
				CLANG_ENABLE_OBJC_WEAK = YES;
				CLANG_WARN_BLOCK_CAPTURE_AUTORELEASING = YES;
				CLANG_WARN_BOOL_CONVERSION = YES;
				CLANG_WARN_COMMA = YES;
				CLANG_WARN_CONSTANT_CONVERSION = YES;
				CLANG_WARN_DEPRECATED_OBJC_IMPLEMENTATIONS = YES;
				CLANG_WARN_DIRECT_OBJC_ISA_USAGE = YES_ERROR;
				CLANG_WARN_DOCUMENTATION_COMMENTS = YES;
				CLANG_WARN_EMPTY_BODY = YES;
				CLANG_WARN_ENUM_CONVERSION = YES;
				CLANG_WARN_INFINITE_RECURSION = YES;
				CLANG_WARN_INT_CONVERSION = YES;
				CLANG_WARN_NON_LITERAL_NULL_CONVERSION = YES;
				CLANG_WARN_OBJC_IMPLICIT_RETAIN_SELF = YES;
				CLANG_WARN_OBJC_LITERAL_CONVERSION = YES;
				CLANG_WARN_OBJC_ROOT_CLASS = YES_ERROR;
				CLANG_WARN_QUOTED_INCLUDE_IN_FRAMEWORK_HEADER = YES;
				CLANG_WARN_RANGE_LOOP_ANALYSIS = YES;
				CLANG_WARN_STRICT_PROTOTYPES = YES;
				CLANG_WARN_SUSPICIOUS_MOVE = YES;
				CLANG_WARN_UNGUARDED_AVAILABILITY = YES_AGGRESSIVE;
				CLANG_WARN_UNREACHABLE_CODE = YES;
				CLANG_WARN__DUPLICATE_METHOD_MATCH = YES;
				COPY_PHASE_STRIP = NO;
				DEBUG_INFORMATION_FORMAT = dwarf;
				ENABLE_STRICT_OBJC_MSGSEND = YES;
				ENABLE_TESTABILITY = YES;
				GCC_C_LANGUAGE_STANDARD = gnu11;
				GCC_DYNAMIC_NO_PIC = NO;
				GCC_NO_COMMON_BLOCKS = YES;
				GCC_OPTIMIZATION_LEVEL = 0;
				GCC_PREPROCESSOR_DEFINITIONS = (
					"DEBUG=1",
					"$(inherited)",
				);
				GCC_WARN_64_TO_32_BIT_CONVERSION = YES;
				GCC_WARN_ABOUT_RETURN_TYPE = YES_ERROR;
				GCC_WARN_UNDECLARED_SELECTOR = YES;
				GCC_WARN_UNINITIALIZED_AUTOS = YES_AGGRESSIVE;
				GCC_WARN_UNUSED_FUNCTION = YES;
				GCC_WARN_UNUSED_VARIABLE = YES;
				IPHONEOS_DEPLOYMENT_TARGET = 14.2;
				MTL_ENABLE_DEBUG_INFO = INCLUDE_SOURCE;
				MTL_FAST_MATH = YES;
				ONLY_ACTIVE_ARCH = YES;
				SDKROOT = iphoneos;
				SWIFT_ACTIVE_COMPILATION_CONDITIONS = DEBUG;
				SWIFT_OPTIMIZATION_LEVEL = "-Onone";
			};
			name = Debug;
		};
		182A47C0256FBC130031E052 /* Release */ = {
			isa = XCBuildConfiguration;
			buildSettings = {
				ALWAYS_SEARCH_USER_PATHS = NO;
				CLANG_ANALYZER_NONNULL = YES;
				CLANG_ANALYZER_NUMBER_OBJECT_CONVERSION = YES_AGGRESSIVE;
				CLANG_CXX_LANGUAGE_STANDARD = "gnu++14";
				CLANG_CXX_LIBRARY = "libc++";
				CLANG_ENABLE_MODULES = YES;
				CLANG_ENABLE_OBJC_ARC = YES;
				CLANG_ENABLE_OBJC_WEAK = YES;
				CLANG_WARN_BLOCK_CAPTURE_AUTORELEASING = YES;
				CLANG_WARN_BOOL_CONVERSION = YES;
				CLANG_WARN_COMMA = YES;
				CLANG_WARN_CONSTANT_CONVERSION = YES;
				CLANG_WARN_DEPRECATED_OBJC_IMPLEMENTATIONS = YES;
				CLANG_WARN_DIRECT_OBJC_ISA_USAGE = YES_ERROR;
				CLANG_WARN_DOCUMENTATION_COMMENTS = YES;
				CLANG_WARN_EMPTY_BODY = YES;
				CLANG_WARN_ENUM_CONVERSION = YES;
				CLANG_WARN_INFINITE_RECURSION = YES;
				CLANG_WARN_INT_CONVERSION = YES;
				CLANG_WARN_NON_LITERAL_NULL_CONVERSION = YES;
				CLANG_WARN_OBJC_IMPLICIT_RETAIN_SELF = YES;
				CLANG_WARN_OBJC_LITERAL_CONVERSION = YES;
				CLANG_WARN_OBJC_ROOT_CLASS = YES_ERROR;
				CLANG_WARN_QUOTED_INCLUDE_IN_FRAMEWORK_HEADER = YES;
				CLANG_WARN_RANGE_LOOP_ANALYSIS = YES;
				CLANG_WARN_STRICT_PROTOTYPES = YES;
				CLANG_WARN_SUSPICIOUS_MOVE = YES;
				CLANG_WARN_UNGUARDED_AVAILABILITY = YES_AGGRESSIVE;
				CLANG_WARN_UNREACHABLE_CODE = YES;
				CLANG_WARN__DUPLICATE_METHOD_MATCH = YES;
				COPY_PHASE_STRIP = NO;
				DEBUG_INFORMATION_FORMAT = "dwarf-with-dsym";
				ENABLE_NS_ASSERTIONS = NO;
				ENABLE_STRICT_OBJC_MSGSEND = YES;
				GCC_C_LANGUAGE_STANDARD = gnu11;
				GCC_NO_COMMON_BLOCKS = YES;
				GCC_WARN_64_TO_32_BIT_CONVERSION = YES;
				GCC_WARN_ABOUT_RETURN_TYPE = YES_ERROR;
				GCC_WARN_UNDECLARED_SELECTOR = YES;
				GCC_WARN_UNINITIALIZED_AUTOS = YES_AGGRESSIVE;
				GCC_WARN_UNUSED_FUNCTION = YES;
				GCC_WARN_UNUSED_VARIABLE = YES;
				IPHONEOS_DEPLOYMENT_TARGET = 14.2;
				MTL_ENABLE_DEBUG_INFO = NO;
				MTL_FAST_MATH = YES;
				SDKROOT = iphoneos;
				SWIFT_COMPILATION_MODE = wholemodule;
				SWIFT_OPTIMIZATION_LEVEL = "-O";
				VALIDATE_PRODUCT = YES;
			};
			name = Release;
		};
		182A47C2256FBC130031E052 /* Debug */ = {
			isa = XCBuildConfiguration;
			baseConfigurationReference = 2AAA77C77A02B0FE5E4FFEA4 /* Pods-RandomUser2.debug.xcconfig */;
			buildSettings = {
				ASSETCATALOG_COMPILER_APPICON_NAME = AppIcon;
				ASSETCATALOG_COMPILER_GLOBAL_ACCENT_COLOR_NAME = AccentColor;
				CODE_SIGN_STYLE = Automatic;
				DEVELOPMENT_TEAM = W7BGRNT9MM;
				INFOPLIST_FILE = RandomUser2/Info.plist;
				LD_RUNPATH_SEARCH_PATHS = (
					"$(inherited)",
					"@executable_path/Frameworks",
				);
				PRODUCT_BUNDLE_IDENTIFIER = "Andrii-Pohodin.RandomUser2";
				PRODUCT_NAME = "$(TARGET_NAME)";
				SWIFT_VERSION = 5.0;
				TARGETED_DEVICE_FAMILY = "1,2";
			};
			name = Debug;
		};
		182A47C3256FBC130031E052 /* Release */ = {
			isa = XCBuildConfiguration;
			baseConfigurationReference = 60AB27CD6D35D9E01BE33798 /* Pods-RandomUser2.release.xcconfig */;
			buildSettings = {
				ASSETCATALOG_COMPILER_APPICON_NAME = AppIcon;
				ASSETCATALOG_COMPILER_GLOBAL_ACCENT_COLOR_NAME = AccentColor;
				CODE_SIGN_STYLE = Automatic;
				DEVELOPMENT_TEAM = W7BGRNT9MM;
				INFOPLIST_FILE = RandomUser2/Info.plist;
				LD_RUNPATH_SEARCH_PATHS = (
					"$(inherited)",
					"@executable_path/Frameworks",
				);
				PRODUCT_BUNDLE_IDENTIFIER = "Andrii-Pohodin.RandomUser2";
				PRODUCT_NAME = "$(TARGET_NAME)";
				SWIFT_VERSION = 5.0;
				TARGETED_DEVICE_FAMILY = "1,2";
			};
			name = Release;
		};
/* End XCBuildConfiguration section */

/* Begin XCConfigurationList section */
		182A47A5256FBC100031E052 /* Build configuration list for PBXProject "RandomUser2" */ = {
			isa = XCConfigurationList;
			buildConfigurations = (
				182A47BF256FBC130031E052 /* Debug */,
				182A47C0256FBC130031E052 /* Release */,
			);
			defaultConfigurationIsVisible = 0;
			defaultConfigurationName = Release;
		};
		182A47C1256FBC130031E052 /* Build configuration list for PBXNativeTarget "RandomUser2" */ = {
			isa = XCConfigurationList;
			buildConfigurations = (
				182A47C2256FBC130031E052 /* Debug */,
				182A47C3256FBC130031E052 /* Release */,
			);
			defaultConfigurationIsVisible = 0;
			defaultConfigurationName = Release;
		};
/* End XCConfigurationList section */

/* Begin XCVersionGroup section */
		182A47B6256FBC100031E052 /* RandomUser2.xcdatamodeld */ = {
			isa = XCVersionGroup;
			children = (
				182A47B7256FBC100031E052 /* RandomUser2.xcdatamodel */,
			);
			currentVersion = 182A47B7256FBC100031E052 /* RandomUser2.xcdatamodel */;
			path = RandomUser2.xcdatamodeld;
			sourceTree = "<group>";
			versionGroupType = wrapper.xcdatamodel;
		};
/* End XCVersionGroup section */
	};
	rootObject = 182A47A2256FBC100031E052 /* Project object */;
}
